
Microsoft Visual Studio Solution File, Format Version 12.00
# Visual Studio Version 17
VisualStudioVersion = 17.11.35327.3
MinimumVisualStudioVersion = 10.0.40219.1
Project("{FAE04EC0-301F-11D3-BF4B-00C04F79EFBC}") = "Margoi_Cornel_Lab1", "Margoi_Cornel_Lab1.csproj", "{C643EAB1-5161-4523-B82D-A2E72E80F743}"
EndProject
Global
	GlobalSection(SolutionConfigurationPlatforms) = preSolution
		Debug|Any CPU = Debug|Any CPU
		Release|Any CPU = Release|Any CPU
	EndGlobalSection
	GlobalSection(ProjectConfigurationPlatforms) = postSolution
		{C643EAB1-5161-4523-B82D-A2E72E80F743}.Debug|Any CPU.ActiveCfg = Debug|Any CPU
		{C643EAB1-5161-4523-B82D-A2E72E80F743}.Debug|Any CPU.Build.0 = Debug|Any CPU
		{C643EAB1-5161-4523-B82D-A2E72E80F743}.Release|Any CPU.ActiveCfg = Release|Any CPU
		{C643EAB1-5161-4523-B82D-A2E72E80F743}.Release|Any CPU.Build.0 = Release|Any CPU
	EndGlobalSection
	GlobalSection(SolutionProperties) = preSolution
		HideSolutionNode = FALSE
	EndGlobalSection
	GlobalSection(ExtensibilityGlobals) = postSolution
		SolutionGuid = {30C4A566-C51C-4325-840A-B18533A53174}
	EndGlobalSection
EndGlobal
